
Microsoft Visual Studio Solution File, Format Version 12.00
# Visual Studio Version 16
VisualStudioVersion = 16.0.30907.101
MinimumVisualStudioVersion = 10.0.40219.1
Project("{FAE04EC0-301F-11D3-BF4B-00C04F79EFBC}") = "Git Test", "Git Test\Git Test.csproj", "{F871D9DD-9D46-4FC8-8188-62E63D3571BF}"
EndProject
Global
	GlobalSection(SolutionConfigurationPlatforms) = preSolution
		Debug|Any CPU = Debug|Any CPU
		Release|Any CPU = Release|Any CPU
	EndGlobalSection
	GlobalSection(ProjectConfigurationPlatforms) = postSolution
		{F871D9DD-9D46-4FC8-8188-62E63D3571BF}.Debug|Any CPU.ActiveCfg = Debug|Any CPU
		{F871D9DD-9D46-4FC8-8188-62E63D3571BF}.Debug|Any CPU.Build.0 = Debug|Any CPU
		{F871D9DD-9D46-4FC8-8188-62E63D3571BF}.Release|Any CPU.ActiveCfg = Release|Any CPU
		{F871D9DD-9D46-4FC8-8188-62E63D3571BF}.Release|Any CPU.Build.0 = Release|Any CPU
	EndGlobalSection
	GlobalSection(SolutionProperties) = preSolution
		HideSolutionNode = FALSE
	EndGlobalSection
	GlobalSection(ExtensibilityGlobals) = postSolution
		SolutionGuid = {E8352EC2-D423-4B5E-B58D-15BA43970AB8}
	EndGlobalSection
EndGlobal
